
Microsoft Visual Studio Solution File, Format Version 12.00
# Visual Studio Version 17
VisualStudioVersion = 17.12.35506.116 d17.12
MinimumVisualStudioVersion = 10.0.40219.1
Project("{FAE04EC0-301F-11D3-BF4B-00C04F79EFBC}") = "BusinessLayer", "BusinessLayer\BusinessLayer.csproj", "{E3BCC4AD-09B7-4513-820D-0B12AC60C35E}"
EndProject
Project("{FAE04EC0-301F-11D3-BF4B-00C04F79EFBC}") = "DataAccessLayer", "DataAccessLayer\DataAccessLayer.csproj", "{4EB8547E-985A-49E1-A00C-8F44F2230D83}"
EndProject
Project("{FAE04EC0-301F-11D3-BF4B-00C04F79EFBC}") = "DTOLayer", "DTOLayer\DTOLayer.csproj", "{5A253842-378C-4F18-8A80-06742D43395D}"
EndProject
Project("{FAE04EC0-301F-11D3-BF4B-00C04F79EFBC}") = "EntityLayer", "EntityLayer\EntityLayer.csproj", "{F277F667-70F1-4A2F-9BAA-5628C190741A}"
EndProject
Project("{FAE04EC0-301F-11D3-BF4B-00C04F79EFBC}") = "LibraryAPI", "LibraryAPI\LibraryAPI.csproj", "{A6ADF11A-1518-40F7-8C49-D280398E4A27}"
EndProject
Global
	GlobalSection(SolutionConfigurationPlatforms) = preSolution
		Debug|Any CPU = Debug|Any CPU
		Release|Any CPU = Release|Any CPU
	EndGlobalSection
	GlobalSection(ProjectConfigurationPlatforms) = postSolution
		{E3BCC4AD-09B7-4513-820D-0B12AC60C35E}.Debug|Any CPU.ActiveCfg = Debug|Any CPU
		{E3BCC4AD-09B7-4513-820D-0B12AC60C35E}.Debug|Any CPU.Build.0 = Debug|Any CPU
		{E3BCC4AD-09B7-4513-820D-0B12AC60C35E}.Release|Any CPU.ActiveCfg = Release|Any CPU
		{E3BCC4AD-09B7-4513-820D-0B12AC60C35E}.Release|Any CPU.Build.0 = Release|Any CPU
		{4EB8547E-985A-49E1-A00C-8F44F2230D83}.Debug|Any CPU.ActiveCfg = Debug|Any CPU
		{4EB8547E-985A-49E1-A00C-8F44F2230D83}.Debug|Any CPU.Build.0 = Debug|Any CPU
		{4EB8547E-985A-49E1-A00C-8F44F2230D83}.Release|Any CPU.ActiveCfg = Release|Any CPU
		{4EB8547E-985A-49E1-A00C-8F44F2230D83}.Release|Any CPU.Build.0 = Release|Any CPU
		{5A253842-378C-4F18-8A80-06742D43395D}.Debug|Any CPU.ActiveCfg = Debug|Any CPU
		{5A253842-378C-4F18-8A80-06742D43395D}.Debug|Any CPU.Build.0 = Debug|Any CPU
		{5A253842-378C-4F18-8A80-06742D43395D}.Release|Any CPU.ActiveCfg = Release|Any CPU
		{5A253842-378C-4F18-8A80-06742D43395D}.Release|Any CPU.Build.0 = Release|Any CPU
		{F277F667-70F1-4A2F-9BAA-5628C190741A}.Debug|Any CPU.ActiveCfg = Debug|Any CPU
		{F277F667-70F1-4A2F-9BAA-5628C190741A}.Debug|Any CPU.Build.0 = Debug|Any CPU
		{F277F667-70F1-4A2F-9BAA-5628C190741A}.Release|Any CPU.ActiveCfg = Release|Any CPU
		{F277F667-70F1-4A2F-9BAA-5628C190741A}.Release|Any CPU.Build.0 = Release|Any CPU
		{A6ADF11A-1518-40F7-8C49-D280398E4A27}.Debug|Any CPU.ActiveCfg = Debug|Any CPU
		{A6ADF11A-1518-40F7-8C49-D280398E4A27}.Debug|Any CPU.Build.0 = Debug|Any CPU
		{A6ADF11A-1518-40F7-8C49-D280398E4A27}.Release|Any CPU.ActiveCfg = Release|Any CPU
		{A6ADF11A-1518-40F7-8C49-D280398E4A27}.Release|Any CPU.Build.0 = Release|Any CPU
	EndGlobalSection
	GlobalSection(SolutionProperties) = preSolution
		HideSolutionNode = FALSE
	EndGlobalSection
EndGlobal
